
Microsoft Visual Studio Solution File, Format Version 12.00
# Visual Studio Version 17
VisualStudioVersion = 17.7.34202.233
MinimumVisualStudioVersion = 10.0.40219.1
Project("{9A19103F-16F7-4668-BE54-9A1E7A4F7556}") = "CRBackend", "CRBackend\CRBackend.csproj", "{6BCD6BF2-AC69-4BBA-998F-C396353E48F0}"
EndProject
Project("{9A19103F-16F7-4668-BE54-9A1E7A4F7556}") = "CRFrontend", "CRFrontend\CRFrontend.csproj", "{AA808897-C1BC-4E60-8EF0-02B6689C1173}"
EndProject
Project("{9A19103F-16F7-4668-BE54-9A1E7A4F7556}") = "CMOFrontend", "CMOFrontend\CMOFrontend.csproj", "{916578C6-EB6E-4A0C-8849-AC5EBD051BEB}"
EndProject
Project("{FAE04EC0-301F-11D3-BF4B-00C04F79EFBC}") = "CMOBackend", "CMOBackend\CMOBackend.csproj", "{86222BB3-69A8-49E3-93E3-D84412602299}"
EndProject
Global
	GlobalSection(SolutionConfigurationPlatforms) = preSolution
		Debug|Any CPU = Debug|Any CPU
		Release|Any CPU = Release|Any CPU
	EndGlobalSection
	GlobalSection(ProjectConfigurationPlatforms) = postSolution
		{6BCD6BF2-AC69-4BBA-998F-C396353E48F0}.Debug|Any CPU.ActiveCfg = Debug|Any CPU
		{6BCD6BF2-AC69-4BBA-998F-C396353E48F0}.Debug|Any CPU.Build.0 = Debug|Any CPU
		{6BCD6BF2-AC69-4BBA-998F-C396353E48F0}.Release|Any CPU.ActiveCfg = Release|Any CPU
		{6BCD6BF2-AC69-4BBA-998F-C396353E48F0}.Release|Any CPU.Build.0 = Release|Any CPU
		{AA808897-C1BC-4E60-8EF0-02B6689C1173}.Debug|Any CPU.ActiveCfg = Debug|Any CPU
		{AA808897-C1BC-4E60-8EF0-02B6689C1173}.Debug|Any CPU.Build.0 = Debug|Any CPU
		{AA808897-C1BC-4E60-8EF0-02B6689C1173}.Release|Any CPU.ActiveCfg = Release|Any CPU
		{AA808897-C1BC-4E60-8EF0-02B6689C1173}.Release|Any CPU.Build.0 = Release|Any CPU
		{916578C6-EB6E-4A0C-8849-AC5EBD051BEB}.Debug|Any CPU.ActiveCfg = Debug|Any CPU
		{916578C6-EB6E-4A0C-8849-AC5EBD051BEB}.Debug|Any CPU.Build.0 = Debug|Any CPU
		{916578C6-EB6E-4A0C-8849-AC5EBD051BEB}.Release|Any CPU.ActiveCfg = Release|Any CPU
		{916578C6-EB6E-4A0C-8849-AC5EBD051BEB}.Release|Any CPU.Build.0 = Release|Any CPU
		{86222BB3-69A8-49E3-93E3-D84412602299}.Debug|Any CPU.ActiveCfg = Debug|Any CPU
		{86222BB3-69A8-49E3-93E3-D84412602299}.Debug|Any CPU.Build.0 = Debug|Any CPU
		{86222BB3-69A8-49E3-93E3-D84412602299}.Release|Any CPU.ActiveCfg = Release|Any CPU
		{86222BB3-69A8-49E3-93E3-D84412602299}.Release|Any CPU.Build.0 = Release|Any CPU
	EndGlobalSection
	GlobalSection(SolutionProperties) = preSolution
		HideSolutionNode = FALSE
	EndGlobalSection
	GlobalSection(ExtensibilityGlobals) = postSolution
		SolutionGuid = {31E884EE-95B8-4E12-BB15-AE0C865CB234}
	EndGlobalSection
EndGlobal
